
Microsoft Visual Studio Solution File, Format Version 12.00
# Visual Studio 15
VisualStudioVersion = 15.0.26124.0
MinimumVisualStudioVersion = 15.0.26124.0
Project("{FAE04EC0-301F-11D3-BF4B-00C04F79EFBC}") = "SampleAPI", "SampleAPI\SampleAPI.csproj", "{B4DFD5DA-5493-4504-9A61-3F9C8C6AF594}"
EndProject
Project("{FAE04EC0-301F-11D3-BF4B-00C04F79EFBC}") = "SampleAPITest", "SampleAPITest\SampleAPITest.csproj", "{71061994-819D-4F4F-8087-B042F9B4DFCE}"
EndProject
Global
	GlobalSection(SolutionConfigurationPlatforms) = preSolution
		Debug|Any CPU = Debug|Any CPU
		Debug|x64 = Debug|x64
		Debug|x86 = Debug|x86
		Release|Any CPU = Release|Any CPU
		Release|x64 = Release|x64
		Release|x86 = Release|x86
	EndGlobalSection
	GlobalSection(SolutionProperties) = preSolution
		HideSolutionNode = FALSE
	EndGlobalSection
	GlobalSection(ProjectConfigurationPlatforms) = postSolution
		{B4DFD5DA-5493-4504-9A61-3F9C8C6AF594}.Debug|Any CPU.ActiveCfg = Debug|Any CPU
		{B4DFD5DA-5493-4504-9A61-3F9C8C6AF594}.Debug|Any CPU.Build.0 = Debug|Any CPU
		{B4DFD5DA-5493-4504-9A61-3F9C8C6AF594}.Debug|x64.ActiveCfg = Debug|Any CPU
		{B4DFD5DA-5493-4504-9A61-3F9C8C6AF594}.Debug|x64.Build.0 = Debug|Any CPU
		{B4DFD5DA-5493-4504-9A61-3F9C8C6AF594}.Debug|x86.ActiveCfg = Debug|Any CPU
		{B4DFD5DA-5493-4504-9A61-3F9C8C6AF594}.Debug|x86.Build.0 = Debug|Any CPU
		{B4DFD5DA-5493-4504-9A61-3F9C8C6AF594}.Release|Any CPU.ActiveCfg = Release|Any CPU
		{B4DFD5DA-5493-4504-9A61-3F9C8C6AF594}.Release|Any CPU.Build.0 = Release|Any CPU
		{B4DFD5DA-5493-4504-9A61-3F9C8C6AF594}.Release|x64.ActiveCfg = Release|Any CPU
		{B4DFD5DA-5493-4504-9A61-3F9C8C6AF594}.Release|x64.Build.0 = Release|Any CPU
		{B4DFD5DA-5493-4504-9A61-3F9C8C6AF594}.Release|x86.ActiveCfg = Release|Any CPU
		{B4DFD5DA-5493-4504-9A61-3F9C8C6AF594}.Release|x86.Build.0 = Release|Any CPU
		{71061994-819D-4F4F-8087-B042F9B4DFCE}.Debug|Any CPU.ActiveCfg = Debug|Any CPU
		{71061994-819D-4F4F-8087-B042F9B4DFCE}.Debug|Any CPU.Build.0 = Debug|Any CPU
		{71061994-819D-4F4F-8087-B042F9B4DFCE}.Debug|x64.ActiveCfg = Debug|Any CPU
		{71061994-819D-4F4F-8087-B042F9B4DFCE}.Debug|x64.Build.0 = Debug|Any CPU
		{71061994-819D-4F4F-8087-B042F9B4DFCE}.Debug|x86.ActiveCfg = Debug|Any CPU
		{71061994-819D-4F4F-8087-B042F9B4DFCE}.Debug|x86.Build.0 = Debug|Any CPU
		{71061994-819D-4F4F-8087-B042F9B4DFCE}.Release|Any CPU.ActiveCfg = Release|Any CPU
		{71061994-819D-4F4F-8087-B042F9B4DFCE}.Release|Any CPU.Build.0 = Release|Any CPU
		{71061994-819D-4F4F-8087-B042F9B4DFCE}.Release|x64.ActiveCfg = Release|Any CPU
		{71061994-819D-4F4F-8087-B042F9B4DFCE}.Release|x64.Build.0 = Release|Any CPU
		{71061994-819D-4F4F-8087-B042F9B4DFCE}.Release|x86.ActiveCfg = Release|Any CPU
		{71061994-819D-4F4F-8087-B042F9B4DFCE}.Release|x86.Build.0 = Release|Any CPU
	EndGlobalSection
EndGlobal
